PODS:
  - Capacitor (5.7.8):
    - CapacitorCordova
  - CapacitorCordova (5.7.8)

DEPENDENCIES:
  - "Capacitor (from `../../../../node_modules/@capacitor/ios`)"
  - "CapacitorCordova (from `../../../../node_modules/@capacitor/ios`)"

EXTERNAL SOURCES:
  Capacitor:
    :path: "../../../../node_modules/@capacitor/ios"
  CapacitorCordova:
    :path: "../../../../node_modules/@capacitor/ios"

SPEC CHECKSUMS:
  Capacitor: 9686e5711b48a1aa84671ede795d0175848abcba
  CapacitorCordova: 31ab98dca2ddcee051027a1afe7e8c85c82f7297

PODFILE CHECKSUM: 2f964e03a1496cd8c91499bbe1a97dc5c247ecd8

COCOAPODS: 1.16.2
